
Microsoft Visual Studio Solution File, Format Version 12.00
# Visual Studio Version 16
VisualStudioVersion = 16.0.31105.61
MinimumVisualStudioVersion = 10.0.40219.1
Project("{9A19103F-16F7-4668-BE54-9A1E7A4F7556}") = "MatrixOperations", "MatrixOperations\MatrixOperations.csproj", "{4DB493F5-64B5-4018-AFAD-602154101668}"
EndProject
Global
	GlobalSection(SolutionConfigurationPlatforms) = preSolution
		Debug|Any CPU = Debug|Any CPU
		Release|Any CPU = Release|Any CPU
	EndGlobalSection
	GlobalSection(ProjectConfigurationPlatforms) = postSolution
		{4DB493F5-64B5-4018-AFAD-602154101668}.Debug|Any CPU.ActiveCfg = Debug|Any CPU
		{4DB493F5-64B5-4018-AFAD-602154101668}.Debug|Any CPU.Build.0 = Debug|Any CPU
		{4DB493F5-64B5-4018-AFAD-602154101668}.Release|Any CPU.ActiveCfg = Release|Any CPU
		{4DB493F5-64B5-4018-AFAD-602154101668}.Release|Any CPU.Build.0 = Release|Any CPU
	EndGlobalSection
	GlobalSection(SolutionProperties) = preSolution
		HideSolutionNode = FALSE
	EndGlobalSection
	GlobalSection(ExtensibilityGlobals) = postSolution
		SolutionGuid = {436BB466-BDEC-4C37-9C23-50B1452493B6}
	EndGlobalSection
EndGlobal
